
Microsoft Visual Studio Solution File, Format Version 12.00
# Visual Studio Version 17
VisualStudioVersion = 17.6.33815.320
MinimumVisualStudioVersion = 10.0.40219.1
Project("{FAE04EC0-301F-11D3-BF4B-00C04F79EFBC}") = "EMPLOYEE MANAGEMENT", "EMPLOYEE MANAGEMENT.csproj", "{05D136D0-DD3E-4F29-AC6B-9CB48962E35F}"
EndProject
Global
	GlobalSection(SolutionConfigurationPlatforms) = preSolution
		Debug|Any CPU = Debug|Any CPU
		Release|Any CPU = Release|Any CPU
	EndGlobalSection
	GlobalSection(ProjectConfigurationPlatforms) = postSolution
		{05D136D0-DD3E-4F29-AC6B-9CB48962E35F}.Debug|Any CPU.ActiveCfg = Debug|Any CPU
		{05D136D0-DD3E-4F29-AC6B-9CB48962E35F}.Debug|Any CPU.Build.0 = Debug|Any CPU
		{05D136D0-DD3E-4F29-AC6B-9CB48962E35F}.Release|Any CPU.ActiveCfg = Release|Any CPU
		{05D136D0-DD3E-4F29-AC6B-9CB48962E35F}.Release|Any CPU.Build.0 = Release|Any CPU
	EndGlobalSection
	GlobalSection(SolutionProperties) = preSolution
		HideSolutionNode = FALSE
	EndGlobalSection
	GlobalSection(ExtensibilityGlobals) = postSolution
		SolutionGuid = {BCBB8E79-A443-465F-B520-79195D9A37C0}
	EndGlobalSection
EndGlobal
